
Microsoft Visual Studio Solution File, Format Version 12.00
# Visual Studio 14
VisualStudioVersion = 14.0.23107.0
MinimumVisualStudioVersion = 10.0.40219.1
Project("{FAE04EC0-301F-11D3-BF4B-00C04F79EFBC}") = "LINQ", "ExamPrep\LINQ.csproj", "{D5EB3083-A2AE-4627-AB48-9065548DBC90}"
EndProject
Project("{FAE04EC0-301F-11D3-BF4B-00C04F79EFBC}") = "NullableTests", "NullableTests\NullableTests.csproj", "{F1A872C1-B784-48DA-A3D1-D65134E06B39}"
EndProject
Project("{FAE04EC0-301F-11D3-BF4B-00C04F79EFBC}") = "Question7", "Question7\Question7.csproj", "{FD168E15-3414-47AE-9395-81B9F665FEFA}"
EndProject
Project("{FAE04EC0-301F-11D3-BF4B-00C04F79EFBC}") = "Question8", "Question8\Question8.csproj", "{8E59569A-C15E-4CAD-9424-C589046BF03D}"
EndProject
Project("{FAE04EC0-301F-11D3-BF4B-00C04F79EFBC}") = "Question9", "Question9\Question9.csproj", "{EEC4541B-1EED-4726-9935-687588D4ACDF}"
EndProject
Project("{FAE04EC0-301F-11D3-BF4B-00C04F79EFBC}") = "Question16", "Question16\Question16.csproj", "{3554C5DC-4492-4E25-B726-53E23B6E90CE}"
EndProject
Project("{FAE04EC0-301F-11D3-BF4B-00C04F79EFBC}") = "Question19", "Question19\Question19.csproj", "{1E2D6C17-7A26-4C3B-97B1-2FFDE9252E33}"
EndProject
Project("{FAE04EC0-301F-11D3-BF4B-00C04F79EFBC}") = "Question233", "Question233\Question233.csproj", "{9E4B7754-BCB2-4E17-BDE9-E74D2D66C584}"
EndProject
Project("{FAE04EC0-301F-11D3-BF4B-00C04F79EFBC}") = "Question234", "Question234\Question234.csproj", "{0E32CC2E-477F-4335-B9C4-F008B71E34F7}"
EndProject
Project("{FAE04EC0-301F-11D3-BF4B-00C04F79EFBC}") = "Question25", "Question25\Question25.csproj", "{2390575E-B8F1-46F0-BD28-AA8BE78C7338}"
EndProject
Project("{FAE04EC0-301F-11D3-BF4B-00C04F79EFBC}") = "Question55", "Question55\Question55.csproj", "{CF580666-E6AA-46A8-83B9-D87AC6C670DD}"
EndProject
Project("{FAE04EC0-301F-11D3-BF4B-00C04F79EFBC}") = "Question58", "Question58\Question58.csproj", "{E27DFBF2-124F-4C1E-9CFF-E174763B902D}"
EndProject
Project("{FAE04EC0-301F-11D3-BF4B-00C04F79EFBC}") = "Question68", "Question68\Question68.csproj", "{198BECF5-4B7B-4CFB-9FF8-D05621F0BCF0}"
EndProject
Project("{FAE04EC0-301F-11D3-BF4B-00C04F79EFBC}") = "Question69", "Question69\Question69.csproj", "{89EB72CA-D0CD-41AF-94E4-6767975707D1}"
EndProject
Project("{FAE04EC0-301F-11D3-BF4B-00C04F79EFBC}") = "Question91", "Question91\Question91.csproj", "{2746B669-8783-4399-B9CD-1E3DB7E85CC3}"
EndProject
Project("{FAE04EC0-301F-11D3-BF4B-00C04F79EFBC}") = "Question93", "Question93\Question93.csproj", "{9FD9D4B0-C7E6-4D0F-A8DC-FEB6A29F0E12}"
EndProject
Project("{FAE04EC0-301F-11D3-BF4B-00C04F79EFBC}") = "Question96", "Question96\Question96.csproj", "{AB5AFDB6-A830-43AB-8502-722811446C11}"
EndProject
Project("{FAE04EC0-301F-11D3-BF4B-00C04F79EFBC}") = "Question114", "Question114\Question114.csproj", "{6BA7B49C-B321-4BA2-A4AB-8966DC52E7DE}"
EndProject
Project("{FAE04EC0-301F-11D3-BF4B-00C04F79EFBC}") = "Question116", "Question116\Question116.csproj", "{52EF8AC5-791E-4088-82D7-898888FDCB70}"
EndProject
Project("{FAE04EC0-301F-11D3-BF4B-00C04F79EFBC}") = "Question117", "Question117\Question117.csproj", "{7AE2CB0D-16FE-412E-9D51-EEA3526FC065}"
EndProject
Project("{FAE04EC0-301F-11D3-BF4B-00C04F79EFBC}") = "Question125", "Question125\Question125.csproj", "{785E7197-A45E-40C9-ACAB-F8003C90D2B5}"
EndProject
Project("{FAE04EC0-301F-11D3-BF4B-00C04F79EFBC}") = "Question126", "Question126\Question126.csproj", "{C23281C3-E242-4F2B-AEEC-48EA2D392F6D}"
EndProject
Project("{FAE04EC0-301F-11D3-BF4B-00C04F79EFBC}") = "Question131", "Question131\Question131.csproj", "{45A29192-E7B4-4DF7-BCA5-1098ED0BC85B}"
EndProject
Project("{FAE04EC0-301F-11D3-BF4B-00C04F79EFBC}") = "Question138", "Question138\Question138.csproj", "{AB294607-F0E5-49BF-8ED3-E276D969C257}"
EndProject
Project("{FAE04EC0-301F-11D3-BF4B-00C04F79EFBC}") = "Question139", "Question139\Question139.csproj", "{72F97598-B35C-4DEE-B251-7B9C543855D7}"
EndProject
Project("{FAE04EC0-301F-11D3-BF4B-00C04F79EFBC}") = "Question146", "Question146\Question146.csproj", "{C7A4FC82-3308-4443-95A0-F96F2BBA0123}"
EndProject
Project("{FAE04EC0-301F-11D3-BF4B-00C04F79EFBC}") = "Question150", "Question150\Question150.csproj", "{EE60BC88-6386-45AD-913D-DC361BC1269B}"
EndProject
Project("{FAE04EC0-301F-11D3-BF4B-00C04F79EFBC}") = "Question151", "Question151\Question151.csproj", "{AE3B6F8E-F66E-4F7A-8FF3-33D512819379}"
EndProject
Project("{FAE04EC0-301F-11D3-BF4B-00C04F79EFBC}") = "Question152", "Question152\Question152.csproj", "{44A87B63-0DEC-4496-B485-B9B6604C3EC3}"
EndProject
Project("{FAE04EC0-301F-11D3-BF4B-00C04F79EFBC}") = "Question155", "Question155\Question155.csproj", "{BD70A36F-39DF-47FE-90FC-BB80FF763B12}"
EndProject
Project("{FAE04EC0-301F-11D3-BF4B-00C04F79EFBC}") = "Question162", "Question162\Question162.csproj", "{6A1E6E83-B225-4474-8B75-D448230E2CF6}"
EndProject
Project("{FAE04EC0-301F-11D3-BF4B-00C04F79EFBC}") = "Question179", "Question179\Question179.csproj", "{64948F2E-F5D2-40FC-A77D-F2C1A97BFEAD}"
EndProject
Project("{FAE04EC0-301F-11D3-BF4B-00C04F79EFBC}") = "Question182", "Question182\Question182.csproj", "{9AA6C36D-7483-4FB4-A18F-E9E16697FDB6}"
EndProject
Project("{FAE04EC0-301F-11D3-BF4B-00C04F79EFBC}") = "Question232", "Question232\Question232.csproj", "{708DAAC8-9B5E-425F-917C-FC9B7330F42A}"
EndProject
Global
	GlobalSection(SolutionConfigurationPlatforms) = preSolution
		Debug|Any CPU = Debug|Any CPU
		Release|Any CPU = Release|Any CPU
	EndGlobalSection
	GlobalSection(ProjectConfigurationPlatforms) = postSolution
		{D5EB3083-A2AE-4627-AB48-9065548DBC90}.Debug|Any CPU.ActiveCfg = Debug|Any CPU
		{D5EB3083-A2AE-4627-AB48-9065548DBC90}.Debug|Any CPU.Build.0 = Debug|Any CPU
		{D5EB3083-A2AE-4627-AB48-9065548DBC90}.Release|Any CPU.ActiveCfg = Release|Any CPU
		{D5EB3083-A2AE-4627-AB48-9065548DBC90}.Release|Any CPU.Build.0 = Release|Any CPU
		{F1A872C1-B784-48DA-A3D1-D65134E06B39}.Debug|Any CPU.ActiveCfg = Debug|Any CPU
		{F1A872C1-B784-48DA-A3D1-D65134E06B39}.Debug|Any CPU.Build.0 = Debug|Any CPU
		{F1A872C1-B784-48DA-A3D1-D65134E06B39}.Release|Any CPU.ActiveCfg = Release|Any CPU
		{F1A872C1-B784-48DA-A3D1-D65134E06B39}.Release|Any CPU.Build.0 = Release|Any CPU
		{FD168E15-3414-47AE-9395-81B9F665FEFA}.Debug|Any CPU.ActiveCfg = Debug|Any CPU
		{FD168E15-3414-47AE-9395-81B9F665FEFA}.Debug|Any CPU.Build.0 = Debug|Any CPU
		{FD168E15-3414-47AE-9395-81B9F665FEFA}.Release|Any CPU.ActiveCfg = Release|Any CPU
		{FD168E15-3414-47AE-9395-81B9F665FEFA}.Release|Any CPU.Build.0 = Release|Any CPU
		{8E59569A-C15E-4CAD-9424-C589046BF03D}.Debug|Any CPU.ActiveCfg = Debug|Any CPU
		{8E59569A-C15E-4CAD-9424-C589046BF03D}.Debug|Any CPU.Build.0 = Debug|Any CPU
		{8E59569A-C15E-4CAD-9424-C589046BF03D}.Release|Any CPU.ActiveCfg = Release|Any CPU
		{8E59569A-C15E-4CAD-9424-C589046BF03D}.Release|Any CPU.Build.0 = Release|Any CPU
		{EEC4541B-1EED-4726-9935-687588D4ACDF}.Debug|Any CPU.ActiveCfg = Debug|Any CPU
		{EEC4541B-1EED-4726-9935-687588D4ACDF}.Debug|Any CPU.Build.0 = Debug|Any CPU
		{EEC4541B-1EED-4726-9935-687588D4ACDF}.Release|Any CPU.ActiveCfg = Release|Any CPU
		{EEC4541B-1EED-4726-9935-687588D4ACDF}.Release|Any CPU.Build.0 = Release|Any CPU
		{3554C5DC-4492-4E25-B726-53E23B6E90CE}.Debug|Any CPU.ActiveCfg = Debug|Any CPU
		{3554C5DC-4492-4E25-B726-53E23B6E90CE}.Debug|Any CPU.Build.0 = Debug|Any CPU
		{3554C5DC-4492-4E25-B726-53E23B6E90CE}.Release|Any CPU.ActiveCfg = Release|Any CPU
		{3554C5DC-4492-4E25-B726-53E23B6E90CE}.Release|Any CPU.Build.0 = Release|Any CPU
		{1E2D6C17-7A26-4C3B-97B1-2FFDE9252E33}.Debug|Any CPU.ActiveCfg = Debug|Any CPU
		{1E2D6C17-7A26-4C3B-97B1-2FFDE9252E33}.Debug|Any CPU.Build.0 = Debug|Any CPU
		{1E2D6C17-7A26-4C3B-97B1-2FFDE9252E33}.Release|Any CPU.ActiveCfg = Release|Any CPU
		{1E2D6C17-7A26-4C3B-97B1-2FFDE9252E33}.Release|Any CPU.Build.0 = Release|Any CPU
		{9E4B7754-BCB2-4E17-BDE9-E74D2D66C584}.Debug|Any CPU.ActiveCfg = Debug|Any CPU
		{9E4B7754-BCB2-4E17-BDE9-E74D2D66C584}.Debug|Any CPU.Build.0 = Debug|Any CPU
		{9E4B7754-BCB2-4E17-BDE9-E74D2D66C584}.Release|Any CPU.ActiveCfg = Release|Any CPU
		{9E4B7754-BCB2-4E17-BDE9-E74D2D66C584}.Release|Any CPU.Build.0 = Release|Any CPU
		{0E32CC2E-477F-4335-B9C4-F008B71E34F7}.Debug|Any CPU.ActiveCfg = Debug|Any CPU
		{0E32CC2E-477F-4335-B9C4-F008B71E34F7}.Debug|Any CPU.Build.0 = Debug|Any CPU
		{0E32CC2E-477F-4335-B9C4-F008B71E34F7}.Release|Any CPU.ActiveCfg = Release|Any CPU
		{0E32CC2E-477F-4335-B9C4-F008B71E34F7}.Release|Any CPU.Build.0 = Release|Any CPU
		{2390575E-B8F1-46F0-BD28-AA8BE78C7338}.Debug|Any CPU.ActiveCfg = Debug|Any CPU
		{2390575E-B8F1-46F0-BD28-AA8BE78C7338}.Debug|Any CPU.Build.0 = Debug|Any CPU
		{2390575E-B8F1-46F0-BD28-AA8BE78C7338}.Release|Any CPU.ActiveCfg = Release|Any CPU
		{2390575E-B8F1-46F0-BD28-AA8BE78C7338}.Release|Any CPU.Build.0 = Release|Any CPU
		{CF580666-E6AA-46A8-83B9-D87AC6C670DD}.Debug|Any CPU.ActiveCfg = Debug|Any CPU
		{CF580666-E6AA-46A8-83B9-D87AC6C670DD}.Debug|Any CPU.Build.0 = Debug|Any CPU
		{CF580666-E6AA-46A8-83B9-D87AC6C670DD}.Release|Any CPU.ActiveCfg = Release|Any CPU
		{CF580666-E6AA-46A8-83B9-D87AC6C670DD}.Release|Any CPU.Build.0 = Release|Any CPU
		{E27DFBF2-124F-4C1E-9CFF-E174763B902D}.Debug|Any CPU.ActiveCfg = Debug|Any CPU
		{E27DFBF2-124F-4C1E-9CFF-E174763B902D}.Debug|Any CPU.Build.0 = Debug|Any CPU
		{E27DFBF2-124F-4C1E-9CFF-E174763B902D}.Release|Any CPU.ActiveCfg = Release|Any CPU
		{E27DFBF2-124F-4C1E-9CFF-E174763B902D}.Release|Any CPU.Build.0 = Release|Any CPU
		{198BECF5-4B7B-4CFB-9FF8-D05621F0BCF0}.Debug|Any CPU.ActiveCfg = Debug|Any CPU
		{198BECF5-4B7B-4CFB-9FF8-D05621F0BCF0}.Debug|Any CPU.Build.0 = Debug|Any CPU
		{198BECF5-4B7B-4CFB-9FF8-D05621F0BCF0}.Release|Any CPU.ActiveCfg = Release|Any CPU
		{198BECF5-4B7B-4CFB-9FF8-D05621F0BCF0}.Release|Any CPU.Build.0 = Release|Any CPU
		{89EB72CA-D0CD-41AF-94E4-6767975707D1}.Debug|Any CPU.ActiveCfg = Debug|Any CPU
		{89EB72CA-D0CD-41AF-94E4-6767975707D1}.Debug|Any CPU.Build.0 = Debug|Any CPU
		{89EB72CA-D0CD-41AF-94E4-6767975707D1}.Release|Any CPU.ActiveCfg = Release|Any CPU
		{89EB72CA-D0CD-41AF-94E4-6767975707D1}.Release|Any CPU.Build.0 = Release|Any CPU
		{2746B669-8783-4399-B9CD-1E3DB7E85CC3}.Debug|Any CPU.ActiveCfg = Debug|Any CPU
		{2746B669-8783-4399-B9CD-1E3DB7E85CC3}.Debug|Any CPU.Build.0 = Debug|Any CPU
		{2746B669-8783-4399-B9CD-1E3DB7E85CC3}.Release|Any CPU.ActiveCfg = Release|Any CPU
		{2746B669-8783-4399-B9CD-1E3DB7E85CC3}.Release|Any CPU.Build.0 = Release|Any CPU
		{9FD9D4B0-C7E6-4D0F-A8DC-FEB6A29F0E12}.Debug|Any CPU.ActiveCfg = Debug|Any CPU
		{9FD9D4B0-C7E6-4D0F-A8DC-FEB6A29F0E12}.Debug|Any CPU.Build.0 = Debug|Any CPU
		{9FD9D4B0-C7E6-4D0F-A8DC-FEB6A29F0E12}.Release|Any CPU.ActiveCfg = Release|Any CPU
		{9FD9D4B0-C7E6-4D0F-A8DC-FEB6A29F0E12}.Release|Any CPU.Build.0 = Release|Any CPU
		{AB5AFDB6-A830-43AB-8502-722811446C11}.Debug|Any CPU.ActiveCfg = Debug|Any CPU
		{AB5AFDB6-A830-43AB-8502-722811446C11}.Debug|Any CPU.Build.0 = Debug|Any CPU
		{AB5AFDB6-A830-43AB-8502-722811446C11}.Release|Any CPU.ActiveCfg = Release|Any CPU
		{AB5AFDB6-A830-43AB-8502-722811446C11}.Release|Any CPU.Build.0 = Release|Any CPU
		{6BA7B49C-B321-4BA2-A4AB-8966DC52E7DE}.Debug|Any CPU.ActiveCfg = Debug|Any CPU
		{6BA7B49C-B321-4BA2-A4AB-8966DC52E7DE}.Debug|Any CPU.Build.0 = Debug|Any CPU
		{6BA7B49C-B321-4BA2-A4AB-8966DC52E7DE}.Release|Any CPU.ActiveCfg = Release|Any CPU
		{6BA7B49C-B321-4BA2-A4AB-8966DC52E7DE}.Release|Any CPU.Build.0 = Release|Any CPU
		{52EF8AC5-791E-4088-82D7-898888FDCB70}.Debug|Any CPU.ActiveCfg = Debug|Any CPU
		{52EF8AC5-791E-4088-82D7-898888FDCB70}.Debug|Any CPU.Build.0 = Debug|Any CPU
		{52EF8AC5-791E-4088-82D7-898888FDCB70}.Release|Any CPU.ActiveCfg = Release|Any CPU
		{52EF8AC5-791E-4088-82D7-898888FDCB70}.Release|Any CPU.Build.0 = Release|Any CPU
		{7AE2CB0D-16FE-412E-9D51-EEA3526FC065}.Debug|Any CPU.ActiveCfg = Debug|Any CPU
		{7AE2CB0D-16FE-412E-9D51-EEA3526FC065}.Debug|Any CPU.Build.0 = Debug|Any CPU
		{7AE2CB0D-16FE-412E-9D51-EEA3526FC065}.Release|Any CPU.ActiveCfg = Release|Any CPU
		{7AE2CB0D-16FE-412E-9D51-EEA3526FC065}.Release|Any CPU.Build.0 = Release|Any CPU
		{785E7197-A45E-40C9-ACAB-F8003C90D2B5}.Debug|Any CPU.ActiveCfg = Debug|Any CPU
		{785E7197-A45E-40C9-ACAB-F8003C90D2B5}.Debug|Any CPU.Build.0 = Debug|Any CPU
		{785E7197-A45E-40C9-ACAB-F8003C90D2B5}.Release|Any CPU.ActiveCfg = Release|Any CPU
		{785E7197-A45E-40C9-ACAB-F8003C90D2B5}.Release|Any CPU.Build.0 = Release|Any CPU
		{C23281C3-E242-4F2B-AEEC-48EA2D392F6D}.Debug|Any CPU.ActiveCfg = Debug|Any CPU
		{C23281C3-E242-4F2B-AEEC-48EA2D392F6D}.Debug|Any CPU.Build.0 = Debug|Any CPU
		{C23281C3-E242-4F2B-AEEC-48EA2D392F6D}.Release|Any CPU.ActiveCfg = Release|Any CPU
		{C23281C3-E242-4F2B-AEEC-48EA2D392F6D}.Release|Any CPU.Build.0 = Release|Any CPU
		{45A29192-E7B4-4DF7-BCA5-1098ED0BC85B}.Debug|Any CPU.ActiveCfg = Debug|Any CPU
		{45A29192-E7B4-4DF7-BCA5-1098ED0BC85B}.Debug|Any CPU.Build.0 = Debug|Any CPU
		{45A29192-E7B4-4DF7-BCA5-1098ED0BC85B}.Release|Any CPU.ActiveCfg = Release|Any CPU
		{45A29192-E7B4-4DF7-BCA5-1098ED0BC85B}.Release|Any CPU.Build.0 = Release|Any CPU
		{AB294607-F0E5-49BF-8ED3-E276D969C257}.Debug|Any CPU.ActiveCfg = Debug|Any CPU
		{AB294607-F0E5-49BF-8ED3-E276D969C257}.Debug|Any CPU.Build.0 = Debug|Any CPU
		{AB294607-F0E5-49BF-8ED3-E276D969C257}.Release|Any CPU.ActiveCfg = Release|Any CPU
		{AB294607-F0E5-49BF-8ED3-E276D969C257}.Release|Any CPU.Build.0 = Release|Any CPU
		{72F97598-B35C-4DEE-B251-7B9C543855D7}.Debug|Any CPU.ActiveCfg = Debug|Any CPU
		{72F97598-B35C-4DEE-B251-7B9C543855D7}.Debug|Any CPU.Build.0 = Debug|Any CPU
		{72F97598-B35C-4DEE-B251-7B9C543855D7}.Release|Any CPU.ActiveCfg = Release|Any CPU
		{72F97598-B35C-4DEE-B251-7B9C543855D7}.Release|Any CPU.Build.0 = Release|Any CPU
		{C7A4FC82-3308-4443-95A0-F96F2BBA0123}.Debug|Any CPU.ActiveCfg = Debug|Any CPU
		{C7A4FC82-3308-4443-95A0-F96F2BBA0123}.Debug|Any CPU.Build.0 = Debug|Any CPU
		{C7A4FC82-3308-4443-95A0-F96F2BBA0123}.Release|Any CPU.ActiveCfg = Release|Any CPU
		{C7A4FC82-3308-4443-95A0-F96F2BBA0123}.Release|Any CPU.Build.0 = Release|Any CPU
		{EE60BC88-6386-45AD-913D-DC361BC1269B}.Debug|Any CPU.ActiveCfg = Debug|Any CPU
		{EE60BC88-6386-45AD-913D-DC361BC1269B}.Debug|Any CPU.Build.0 = Debug|Any CPU
		{EE60BC88-6386-45AD-913D-DC361BC1269B}.Release|Any CPU.ActiveCfg = Release|Any CPU
		{EE60BC88-6386-45AD-913D-DC361BC1269B}.Release|Any CPU.Build.0 = Release|Any CPU
		{AE3B6F8E-F66E-4F7A-8FF3-33D512819379}.Debug|Any CPU.ActiveCfg = Debug|Any CPU
		{AE3B6F8E-F66E-4F7A-8FF3-33D512819379}.Debug|Any CPU.Build.0 = Debug|Any CPU
		{AE3B6F8E-F66E-4F7A-8FF3-33D512819379}.Release|Any CPU.ActiveCfg = Release|Any CPU
		{AE3B6F8E-F66E-4F7A-8FF3-33D512819379}.Release|Any CPU.Build.0 = Release|Any CPU
		{44A87B63-0DEC-4496-B485-B9B6604C3EC3}.Debug|Any CPU.ActiveCfg = Debug|Any CPU
		{44A87B63-0DEC-4496-B485-B9B6604C3EC3}.Debug|Any CPU.Build.0 = Debug|Any CPU
		{44A87B63-0DEC-4496-B485-B9B6604C3EC3}.Release|Any CPU.ActiveCfg = Release|Any CPU
		{44A87B63-0DEC-4496-B485-B9B6604C3EC3}.Release|Any CPU.Build.0 = Release|Any CPU
		{BD70A36F-39DF-47FE-90FC-BB80FF763B12}.Debug|Any CPU.ActiveCfg = Debug|Any CPU
		{BD70A36F-39DF-47FE-90FC-BB80FF763B12}.Debug|Any CPU.Build.0 = Debug|Any CPU
		{BD70A36F-39DF-47FE-90FC-BB80FF763B12}.Release|Any CPU.ActiveCfg = Release|Any CPU
		{BD70A36F-39DF-47FE-90FC-BB80FF763B12}.Release|Any CPU.Build.0 = Release|Any CPU
		{6A1E6E83-B225-4474-8B75-D448230E2CF6}.Debug|Any CPU.ActiveCfg = Debug|Any CPU
		{6A1E6E83-B225-4474-8B75-D448230E2CF6}.Debug|Any CPU.Build.0 = Debug|Any CPU
		{6A1E6E83-B225-4474-8B75-D448230E2CF6}.Release|Any CPU.ActiveCfg = Release|Any CPU
		{6A1E6E83-B225-4474-8B75-D448230E2CF6}.Release|Any CPU.Build.0 = Release|Any CPU
		{64948F2E-F5D2-40FC-A77D-F2C1A97BFEAD}.Debug|Any CPU.ActiveCfg = Debug|Any CPU
		{64948F2E-F5D2-40FC-A77D-F2C1A97BFEAD}.Debug|Any CPU.Build.0 = Debug|Any CPU
		{64948F2E-F5D2-40FC-A77D-F2C1A97BFEAD}.Release|Any CPU.ActiveCfg = Release|Any CPU
		{64948F2E-F5D2-40FC-A77D-F2C1A97BFEAD}.Release|Any CPU.Build.0 = Release|Any CPU
		{9AA6C36D-7483-4FB4-A18F-E9E16697FDB6}.Debug|Any CPU.ActiveCfg = Debug|Any CPU
		{9AA6C36D-7483-4FB4-A18F-E9E16697FDB6}.Debug|Any CPU.Build.0 = Debug|Any CPU
		{9AA6C36D-7483-4FB4-A18F-E9E16697FDB6}.Release|Any CPU.ActiveCfg = Release|Any CPU
		{9AA6C36D-7483-4FB4-A18F-E9E16697FDB6}.Release|Any CPU.Build.0 = Release|Any CPU
		{708DAAC8-9B5E-425F-917C-FC9B7330F42A}.Debug|Any CPU.ActiveCfg = Debug|Any CPU
		{708DAAC8-9B5E-425F-917C-FC9B7330F42A}.Debug|Any CPU.Build.0 = Debug|Any CPU
		{708DAAC8-9B5E-425F-917C-FC9B7330F42A}.Release|Any CPU.ActiveCfg = Release|Any CPU
		{708DAAC8-9B5E-425F-917C-FC9B7330F42A}.Release|Any CPU.Build.0 = Release|Any CPU
	EndGlobalSection
	GlobalSection(SolutionProperties) = preSolution
		HideSolutionNode = FALSE
	EndGlobalSection
EndGlobal
